
Microsoft Visual Studio Solution File, Format Version 12.00
# Visual Studio Version 17
VisualStudioVersion = 17.14.36414.22 d17.14
MinimumVisualStudioVersion = 10.0.40219.1
Project("{FAE04EC0-301F-11D3-BF4B-00C04F79EFBC}") = "LeThanhKhai_1150080020_lab2", "LeThanhKhai_1150080020_lab2.csproj", "{3A9EF354-9390-441C-96D8-8F9EBF3EA022}"
EndProject
Global
	GlobalSection(SolutionConfigurationPlatforms) = preSolution
		Debug|Any CPU = Debug|Any CPU
		Release|Any CPU = Release|Any CPU
	EndGlobalSection
	GlobalSection(ProjectConfigurationPlatforms) = postSolution
		{3A9EF354-9390-441C-96D8-8F9EBF3EA022}.Debug|Any CPU.ActiveCfg = Debug|Any CPU
		{3A9EF354-9390-441C-96D8-8F9EBF3EA022}.Debug|Any CPU.Build.0 = Debug|Any CPU
		{3A9EF354-9390-441C-96D8-8F9EBF3EA022}.Release|Any CPU.ActiveCfg = Release|Any CPU
		{3A9EF354-9390-441C-96D8-8F9EBF3EA022}.Release|Any CPU.Build.0 = Release|Any CPU
	EndGlobalSection
	GlobalSection(SolutionProperties) = preSolution
		HideSolutionNode = FALSE
	EndGlobalSection
	GlobalSection(ExtensibilityGlobals) = postSolution
		SolutionGuid = {ABA9AD7D-FDDC-4116-A390-CE065D1E35AB}
	EndGlobalSection
EndGlobal
